// !$*UTF8*$!
{
	archiveVersion = 1;
	classes = {
	};
	objectVersion = 50;
	objects = {

/* Begin PBXBuildFile section */
		8B0564D925F06FB700EDCFBD /* Token.swift in Sources */ = {isa = PBXBuildFile; fileRef = 8B0564D825F06FB600EDCFBD /* Token.swift */; };
		8B1EFB2C25F0063800E2343C /* NORegisterCardView.swift in Sources */ = {isa = PBXBuildFile; fileRef = 8B1EFB2B25F0063800E2343C /* NORegisterCardView.swift */; };
		8B1EFB2F25F047B900E2343C /* RegisterVC.swift in Sources */ = {isa = PBXBuildFile; fileRef = 8B1EFB2E25F047B900E2343C /* RegisterVC.swift */; };
		8B1EFB3225F0607800E2343C /* NORegistrationFormView.swift in Sources */ = {isa = PBXBuildFile; fileRef = 8B1EFB3125F0607800E2343C /* NORegistrationFormView.swift */; };
		8B1EFB3525F0636900E2343C /* NetworkManager.swift in Sources */ = {isa = PBXBuildFile; fileRef = 8B1EFB3425F0636900E2343C /* NetworkManager.swift */; };
		8B1EFB3A25F064A500E2343C /* Errors.swift in Sources */ = {isa = PBXBuildFile; fileRef = 8B1EFB3925F064A500E2343C /* Errors.swift */; };
		8B34739125E33928005ABF17 /* NOLogInCardView.swift in Sources */ = {isa = PBXBuildFile; fileRef = 8B34739025E33928005ABF17 /* NOLogInCardView.swift */; };
		8B34739425E34267005ABF17 /* NOButton.swift in Sources */ = {isa = PBXBuildFile; fileRef = 8B34739325E34267005ABF17 /* NOButton.swift */; };
		8B5AC8BC25E1EBC700713F27 /* OnboardingVC.swift in Sources */ = {isa = PBXBuildFile; fileRef = 8B5AC8BB25E1EBC700713F27 /* OnboardingVC.swift */; };
		8B65F84C2694C47700FD988F /* NoteViewController.swift in Sources */ = {isa = PBXBuildFile; fileRef = 8B65F84B2694C47700FD988F /* NoteViewController.swift */; };
		8B69BE5F25F1282E00E19DC7 /* NotesCell.swift in Sources */ = {isa = PBXBuildFile; fileRef = 8B69BE5E25F1282E00E19DC7 /* NotesCell.swift */; };
		8B8CEA2225E1E50F00C64421 /* AppDelegate.swift in Sources */ = {isa = PBXBuildFile; fileRef = 8B8CEA2125E1E50F00C64421 /* AppDelegate.swift */; };
		8B8CEA2425E1E50F00C64421 /* SceneDelegate.swift in Sources */ = {isa = PBXBuildFile; fileRef = 8B8CEA2325E1E50F00C64421 /* SceneDelegate.swift */; };
		8B8CEA2625E1E50F00C64421 /* HomeViewController.swift in Sources */ = {isa = PBXBuildFile; fileRef = 8B8CEA2525E1E50F00C64421 /* HomeViewController.swift */; };
		8B8CEA2B25E1E51300C64421 /* Assets.xcassets in Resources */ = {isa = PBXBuildFile; fileRef = 8B8CEA2A25E1E51300C64421 /* Assets.xcassets */; };
		8B8CEA2E25E1E51300C64421 /* LaunchScreen.storyboard in Resources */ = {isa = PBXBuildFile; fileRef = 8B8CEA2C25E1E51300C64421 /* LaunchScreen.storyboard */; };
		8B8CEA3925E1E63B00C64421 /* NOTabBarController.swift in Sources */ = {isa = PBXBuildFile; fileRef = 8B8CEA3825E1E63B00C64421 /* NOTabBarController.swift */; };
		8B8CEA3F25E1E7CB00C64421 /* NoteModel.swift in Sources */ = {isa = PBXBuildFile; fileRef = 8B8CEA3E25E1E7CB00C64421 /* NoteModel.swift */; };
		8B8CEA4425E1E7ED00C64421 /* UserModel.swift in Sources */ = {isa = PBXBuildFile; fileRef = 8B8CEA4325E1E7ED00C64421 /* UserModel.swift */; };
		8B9CB71326A60FC500CA7DBE /* BiometricAuthManager.swift in Sources */ = {isa = PBXBuildFile; fileRef = 8B9CB71226A60FC500CA7DBE /* BiometricAuthManager.swift */; };
		8BB4F7A62694EFD20085DDBB /* NONoteView.swift in Sources */ = {isa = PBXBuildFile; fileRef = 8BB4F7A52694EFD20085DDBB /* NONoteView.swift */; };
		8BB4F7A926952A1C0085DDBB /* Date + Extension.swift in Sources */ = {isa = PBXBuildFile; fileRef = 8BB4F7A826952A1C0085DDBB /* Date + Extension.swift */; };
		8BB4F8112695F1100085DDBB /* UserViewController.swift in Sources */ = {isa = PBXBuildFile; fileRef = 8BB4F8102695F1100085DDBB /* UserViewController.swift */; };
		8BB4F8132696023F0085DDBB /* String + Extension.swift in Sources */ = {isa = PBXBuildFile; fileRef = 8BB4F8122696023F0085DDBB /* String + Extension.swift */; };
		8BB4F815269609AE0085DDBB /* NOUserView.swift in Sources */ = {isa = PBXBuildFile; fileRef = 8BB4F814269609AE0085DDBB /* NOUserView.swift */; };
		8BB4F818269660C40085DDBB /* UIView + Extensions.swift in Sources */ = {isa = PBXBuildFile; fileRef = 8BB4F817269660C40085DDBB /* UIView + Extensions.swift */; };
		8BB4F81B26967B0F0085DDBB /* NOTextField.swift in Sources */ = {isa = PBXBuildFile; fileRef = 8BB4F81A26967B0F0085DDBB /* NOTextField.swift */; };
		8BB4F81D269685F90085DDBB /* ViewController + Extension.swift in Sources */ = {isa = PBXBuildFile; fileRef = 8BB4F81C269685F90085DDBB /* ViewController + Extension.swift */; };
/* End PBXBuildFile section */

/* Begin PBXFileReference section */
		8B0564D825F06FB600EDCFBD /* Token.swift */ = {isa = PBXFileReference; fileEncoding = 4; lastKnownFileType = sourcecode.swift; path = Token.swift; sourceTree = "<group>"; };
		8B1EFB2B25F0063800E2343C /* NORegisterCardView.swift */ = {isa = PBXFileReference; lastKnownFileType = sourcecode.swift; path = NORegisterCardView.swift; sourceTree = "<group>"; };
		8B1EFB2E25F047B900E2343C /* RegisterVC.swift */ = {isa = PBXFileReference; lastKnownFileType = sourcecode.swift; path = RegisterVC.swift; sourceTree = "<group>"; };
		8B1EFB3125F0607800E2343C /* NORegistrationFormView.swift */ = {isa = PBXFileReference; lastKnownFileType = sourcecode.swift; path = NORegistrationFormView.swift; sourceTree = "<group>"; };
		8B1EFB3425F0636900E2343C /* NetworkManager.swift */ = {isa = PBXFileReference; fileEncoding = 4; lastKnownFileType = sourcecode.swift; path = NetworkManager.swift; sourceTree = "<group>"; };
		8B1EFB3925F064A500E2343C /* Errors.swift */ = {isa = PBXFileReference; fileEncoding = 4; lastKnownFileType = sourcecode.swift; path = Errors.swift; sourceTree = "<group>"; };
		8B34739025E33928005ABF17 /* NOLogInCardView.swift */ = {isa = PBXFileReference; lastKnownFileType = sourcecode.swift; path = NOLogInCardView.swift; sourceTree = "<group>"; };
		8B34739325E34267005ABF17 /* NOButton.swift */ = {isa = PBXFileReference; lastKnownFileType = sourcecode.swift; path = NOButton.swift; sourceTree = "<group>"; };
		8B5AC8BB25E1EBC700713F27 /* OnboardingVC.swift */ = {isa = PBXFileReference; lastKnownFileType = sourcecode.swift; path = OnboardingVC.swift; sourceTree = "<group>"; };
		8B65F84B2694C47700FD988F /* NoteViewController.swift */ = {isa = PBXFileReference; lastKnownFileType = sourcecode.swift; path = NoteViewController.swift; sourceTree = "<group>"; };
		8B69BE5E25F1282E00E19DC7 /* NotesCell.swift */ = {isa = PBXFileReference; lastKnownFileType = sourcecode.swift; path = NotesCell.swift; sourceTree = "<group>"; };
		8B8CEA1E25E1E50F00C64421 /* Notes.app */ = {isa = PBXFileReference; explicitFileType = wrapper.application; includeInIndex = 0; path = Notes.app; sourceTree = BUILT_PRODUCTS_DIR; };
		8B8CEA2125E1E50F00C64421 /* AppDelegate.swift */ = {isa = PBXFileReference; lastKnownFileType = sourcecode.swift; path = AppDelegate.swift; sourceTree = "<group>"; };
		8B8CEA2325E1E50F00C64421 /* SceneDelegate.swift */ = {isa = PBXFileReference; lastKnownFileType = sourcecode.swift; path = SceneDelegate.swift; sourceTree = "<group>"; };
		8B8CEA2525E1E50F00C64421 /* HomeViewController.swift */ = {isa = PBXFileReference; lastKnownFileType = sourcecode.swift; path = HomeViewController.swift; sourceTree = "<group>"; };
		8B8CEA2A25E1E51300C64421 /* Assets.xcassets */ = {isa = PBXFileReference; lastKnownFileType = folder.assetcatalog; path = Assets.xcassets; sourceTree = "<group>"; };
		8B8CEA2D25E1E51300C64421 /* Base */ = {isa = PBXFileReference; lastKnownFileType = file.storyboard; name = Base; path = Base.lproj/LaunchScreen.storyboard; sourceTree = "<group>"; };
		8B8CEA2F25E1E51300C64421 /* Info.plist */ = {isa = PBXFileReference; lastKnownFileType = text.plist.xml; path = Info.plist; sourceTree = "<group>"; };
		8B8CEA3825E1E63B00C64421 /* NOTabBarController.swift */ = {isa = PBXFileReference; lastKnownFileType = sourcecode.swift; path = NOTabBarController.swift; sourceTree = "<group>"; };
		8B8CEA3E25E1E7CB00C64421 /* NoteModel.swift */ = {isa = PBXFileReference; lastKnownFileType = sourcecode.swift; path = NoteModel.swift; sourceTree = "<group>"; };
		8B8CEA4325E1E7ED00C64421 /* UserModel.swift */ = {isa = PBXFileReference; lastKnownFileType = sourcecode.swift; path = UserModel.swift; sourceTree = "<group>"; };
		8B9CB71226A60FC500CA7DBE /* BiometricAuthManager.swift */ = {isa = PBXFileReference; lastKnownFileType = sourcecode.swift; path = BiometricAuthManager.swift; sourceTree = "<group>"; };
		8BB4F7A52694EFD20085DDBB /* NONoteView.swift */ = {isa = PBXFileReference; lastKnownFileType = sourcecode.swift; path = NONoteView.swift; sourceTree = "<group>"; };
		8BB4F7A826952A1C0085DDBB /* Date + Extension.swift */ = {isa = PBXFileReference; lastKnownFileType = sourcecode.swift; path = "Date + Extension.swift"; sourceTree = "<group>"; };
		8BB4F8102695F1100085DDBB /* UserViewController.swift */ = {isa = PBXFileReference; lastKnownFileType = sourcecode.swift; path = UserViewController.swift; sourceTree = "<group>"; };
		8BB4F8122696023F0085DDBB /* String + Extension.swift */ = {isa = PBXFileReference; lastKnownFileType = sourcecode.swift; path = "String + Extension.swift"; sourceTree = "<group>"; };
		8BB4F814269609AE0085DDBB /* NOUserView.swift */ = {isa = PBXFileReference; lastKnownFileType = sourcecode.swift; path = NOUserView.swift; sourceTree = "<group>"; };
		8BB4F817269660C40085DDBB /* UIView + Extensions.swift */ = {isa = PBXFileReference; lastKnownFileType = sourcecode.swift; path = "UIView + Extensions.swift"; sourceTree = "<group>"; };
		8BB4F81A26967B0F0085DDBB /* NOTextField.swift */ = {isa = PBXFileReference; lastKnownFileType = sourcecode.swift; path = NOTextField.swift; sourceTree = "<group>"; };
		8BB4F81C269685F90085DDBB /* ViewController + Extension.swift */ = {isa = PBXFileReference; lastKnownFileType = sourcecode.swift; path = "ViewController + Extension.swift"; sourceTree = "<group>"; };
/* End PBXFileReference section */

/* Begin PBXFrameworksBuildPhase section */
		8B8CEA1B25E1E50F00C64421 /* Frameworks */ = {
			isa = PBXFrameworksBuildPhase;
			buildActionMask = 2147483647;
			files = (
			);
			runOnlyForDeploymentPostprocessing = 0;
		};
/* End PBXFrameworksBuildPhase section */

/* Begin PBXGroup section */
		8B1EFB3725F0636F00E2343C /* Helpers */ = {
			isa = PBXGroup;
			children = (
				8B1EFB3425F0636900E2343C /* NetworkManager.swift */,
				8B9CB71226A60FC500CA7DBE /* BiometricAuthManager.swift */,
			);
			path = Helpers;
			sourceTree = "<group>";
		};
		8B8CEA1525E1E50F00C64421 = {
			isa = PBXGroup;
			children = (
				8B8CEA2025E1E50F00C64421 /* Notes */,
				8B8CEA1F25E1E50F00C64421 /* Products */,
			);
			sourceTree = "<group>";
		};
		8B8CEA1F25E1E50F00C64421 /* Products */ = {
			isa = PBXGroup;
			children = (
				8B8CEA1E25E1E50F00C64421 /* Notes.app */,
			);
			name = Products;
			sourceTree = "<group>";
		};
		8B8CEA2025E1E50F00C64421 /* Notes */ = {
			isa = PBXGroup;
			children = (
				8B8CEA3D25E1E7B200C64421 /* Controller */,
				8B8CEA3C25E1E7A700C64421 /* View */,
				8B8CEA3B25E1E7A200C64421 /* Model */,
				8B1EFB3725F0636F00E2343C /* Helpers */,
				8BB4F7A7269529FC0085DDBB /* Extensions */,
				8B8CEA2125E1E50F00C64421 /* AppDelegate.swift */,
				8B8CEA2325E1E50F00C64421 /* SceneDelegate.swift */,
				8B8CEA2A25E1E51300C64421 /* Assets.xcassets */,
				8B8CEA2C25E1E51300C64421 /* LaunchScreen.storyboard */,
				8B8CEA2F25E1E51300C64421 /* Info.plist */,
			);
			path = Notes;
			sourceTree = "<group>";
		};
		8B8CEA3B25E1E7A200C64421 /* Model */ = {
			isa = PBXGroup;
			children = (
				8B1EFB3925F064A500E2343C /* Errors.swift */,
				8B0564D825F06FB600EDCFBD /* Token.swift */,
				8B8CEA3E25E1E7CB00C64421 /* NoteModel.swift */,
				8B8CEA4325E1E7ED00C64421 /* UserModel.swift */,
			);
			path = Model;
			sourceTree = "<group>";
		};
		8B8CEA3C25E1E7A700C64421 /* View */ = {
			isa = PBXGroup;
			children = (
				8B8CEA3825E1E63B00C64421 /* NOTabBarController.swift */,
				8B34739025E33928005ABF17 /* NOLogInCardView.swift */,
				8B34739325E34267005ABF17 /* NOButton.swift */,
				8B1EFB2B25F0063800E2343C /* NORegisterCardView.swift */,
				8B1EFB3125F0607800E2343C /* NORegistrationFormView.swift */,
				8B69BE5E25F1282E00E19DC7 /* NotesCell.swift */,
				8BB4F7A52694EFD20085DDBB /* NONoteView.swift */,
				8BB4F814269609AE0085DDBB /* NOUserView.swift */,
				8BB4F81A26967B0F0085DDBB /* NOTextField.swift */,
			);
			path = View;
			sourceTree = "<group>";
		};
		8B8CEA3D25E1E7B200C64421 /* Controller */ = {
			isa = PBXGroup;
			children = (
				8B8CEA2525E1E50F00C64421 /* HomeViewController.swift */,
				8B5AC8BB25E1EBC700713F27 /* OnboardingVC.swift */,
				8B1EFB2E25F047B900E2343C /* RegisterVC.swift */,
				8B65F84B2694C47700FD988F /* NoteViewController.swift */,
				8BB4F8102695F1100085DDBB /* UserViewController.swift */,
			);
			path = Controller;
			sourceTree = "<group>";
		};
		8BB4F7A7269529FC0085DDBB /* Extensions */ = {
			isa = PBXGroup;
			children = (
				8BB4F7A826952A1C0085DDBB /* Date + Extension.swift */,
				8BB4F8122696023F0085DDBB /* String + Extension.swift */,
				8BB4F817269660C40085DDBB /* UIView + Extensions.swift */,
				8BB4F81C269685F90085DDBB /* ViewController + Extension.swift */,
			);
			path = Extensions;
			sourceTree = "<group>";
		};
/* End PBXGroup section */

/* Begin PBXNativeTarget section */
		8B8CEA1D25E1E50F00C64421 /* Notes */ = {
			isa = PBXNativeTarget;
			buildConfigurationList = 8B8CEA3225E1E51300C64421 /* Build configuration list for PBXNativeTarget "Notes" */;
			buildPhases = (
				8B8CEA1A25E1E50F00C64421 /* Sources */,
				8B8CEA1B25E1E50F00C64421 /* Frameworks */,
				8B8CEA1C25E1E50F00C64421 /* Resources */,
			);
			buildRules = (
			);
			dependencies = (
			);
			name = Notes;
			productName = Notes;
			productReference = 8B8CEA1E25E1E50F00C64421 /* Notes.app */;
			productType = "com.apple.product-type.application";
		};
/* End PBXNativeTarget section */

/* Begin PBXProject section */
		8B8CEA1625E1E50F00C64421 /* Project object */ = {
			isa = PBXProject;
			attributes = {
				LastSwiftUpdateCheck = 1240;
				LastUpgradeCheck = 1240;
				TargetAttributes = {
					8B8CEA1D25E1E50F00C64421 = {
						CreatedOnToolsVersion = 12.4;
					};
				};
			};
			buildConfigurationList = 8B8CEA1925E1E50F00C64421 /* Build configuration list for PBXProject "Notes" */;
			compatibilityVersion = "Xcode 9.3";
			developmentRegion = en;
			hasScannedForEncodings = 0;
			knownRegions = (
				en,
				Base,
			);
			mainGroup = 8B8CEA1525E1E50F00C64421;
			productRefGroup = 8B8CEA1F25E1E50F00C64421 /* Products */;
			projectDirPath = "";
			projectRoot = "";
			targets = (
				8B8CEA1D25E1E50F00C64421 /* Notes */,
			);
		};
/* End PBXProject section */

/* Begin PBXResourcesBuildPhase section */
		8B8CEA1C25E1E50F00C64421 /* Resources */ = {
			isa = PBXResourcesBuildPhase;
			buildActionMask = 2147483647;
			files = (
				8B8CEA2E25E1E51300C64421 /* LaunchScreen.storyboard in Resources */,
				8B8CEA2B25E1E51300C64421 /* Assets.xcassets in Resources */,
			);
			runOnlyForDeploymentPostprocessing = 0;
		};
/* End PBXResourcesBuildPhase section */

/* Begin PBXSourcesBuildPhase section */
		8B8CEA1A25E1E50F00C64421 /* Sources */ = {
			isa = PBXSourcesBuildPhase;
			buildActionMask = 2147483647;
			files = (
				8B1EFB3A25F064A500E2343C /* Errors.swift in Sources */,
				8BB4F8112695F1100085DDBB /* UserViewController.swift in Sources */,
				8BB4F81B26967B0F0085DDBB /* NOTextField.swift in Sources */,
				8B8CEA3F25E1E7CB00C64421 /* NoteModel.swift in Sources */,
				8B9CB71326A60FC500CA7DBE /* BiometricAuthManager.swift in Sources */,
				8B8CEA3925E1E63B00C64421 /* NOTabBarController.swift in Sources */,
				8BB4F81D269685F90085DDBB /* ViewController + Extension.swift in Sources */,
				8B69BE5F25F1282E00E19DC7 /* NotesCell.swift in Sources */,
				8B1EFB3225F0607800E2343C /* NORegistrationFormView.swift in Sources */,
				8BB4F7A926952A1C0085DDBB /* Date + Extension.swift in Sources */,
				8BB4F7A62694EFD20085DDBB /* NONoteView.swift in Sources */,
				8BB4F8132696023F0085DDBB /* String + Extension.swift in Sources */,
				8B1EFB3525F0636900E2343C /* NetworkManager.swift in Sources */,
				8BB4F815269609AE0085DDBB /* NOUserView.swift in Sources */,
				8B34739425E34267005ABF17 /* NOButton.swift in Sources */,
				8BB4F818269660C40085DDBB /* UIView + Extensions.swift in Sources */,
				8B0564D925F06FB700EDCFBD /* Token.swift in Sources */,
				8B8CEA2625E1E50F00C64421 /* HomeViewController.swift in Sources */,
				8B65F84C2694C47700FD988F /* NoteViewController.swift in Sources */,
				8B1EFB2F25F047B900E2343C /* RegisterVC.swift in Sources */,
				8B1EFB2C25F0063800E2343C /* NORegisterCardView.swift in Sources */,
				8B8CEA2225E1E50F00C64421 /* AppDelegate.swift in Sources */,
				8B8CEA4425E1E7ED00C64421 /* UserModel.swift in Sources */,
				8B34739125E33928005ABF17 /* NOLogInCardView.swift in Sources */,
				8B8CEA2425E1E50F00C64421 /* SceneDelegate.swift in Sources */,
				8B5AC8BC25E1EBC700713F27 /* OnboardingVC.swift in Sources */,
			);
			runOnlyForDeploymentPostprocessing = 0;
		};
/* End PBXSourcesBuildPhase section */

/* Begin PBXVariantGroup section */
		8B8CEA2C25E1E51300C64421 /* LaunchScreen.storyboard */ = {
			isa = PBXVariantGroup;
			children = (
				8B8CEA2D25E1E51300C64421 /* Base */,
			);
			name = LaunchScreen.storyboard;
			sourceTree = "<group>";
		};
/* End PBXVariantGroup section */

/* Begin XCBuildConfiguration section */
		8B8CEA3025E1E51300C64421 /* Debug */ = {
			isa = XCBuildConfiguration;
			buildSettings = {
				ALWAYS_SEARCH_USER_PATHS = NO;
				CLANG_ANALYZER_NONNULL = YES;
				CLANG_ANALYZER_NUMBER_OBJECT_CONVERSION = YES_AGGRESSIVE;
				CLANG_CXX_LANGUAGE_STANDARD = "gnu++14";
				CLANG_CXX_LIBRARY = "libc++";
				CLANG_ENABLE_MODULES = YES;
				CLANG_ENABLE_OBJC_ARC = YES;
				CLANG_ENABLE_OBJC_WEAK = YES;
				CLANG_WARN_BLOCK_CAPTURE_AUTORELEASING = YES;
				CLANG_WARN_BOOL_CONVERSION = YES;
				CLANG_WARN_COMMA = YES;
				CLANG_WARN_CONSTANT_CONVERSION = YES;
				CLANG_WARN_DEPRECATED_OBJC_IMPLEMENTATIONS = YES;
				CLANG_WARN_DIRECT_OBJC_ISA_USAGE = YES_ERROR;
				CLANG_WARN_DOCUMENTATION_COMMENTS = YES;
				CLANG_WARN_EMPTY_BODY = YES;
				CLANG_WARN_ENUM_CONVERSION = YES;
				CLANG_WARN_INFINITE_RECURSION = YES;
				CLANG_WARN_INT_CONVERSION = YES;
				CLANG_WARN_NON_LITERAL_NULL_CONVERSION = YES;
				CLANG_WARN_OBJC_IMPLICIT_RETAIN_SELF = YES;
				CLANG_WARN_OBJC_LITERAL_CONVERSION = YES;
				CLANG_WARN_OBJC_ROOT_CLASS = YES_ERROR;
				CLANG_WARN_QUOTED_INCLUDE_IN_FRAMEWORK_HEADER = YES;
				CLANG_WARN_RANGE_LOOP_ANALYSIS = YES;
				CLANG_WARN_STRICT_PROTOTYPES = YES;
				CLANG_WARN_SUSPICIOUS_MOVE = YES;
				CLANG_WARN_UNGUARDED_AVAILABILITY = YES_AGGRESSIVE;
				CLANG_WARN_UNREACHABLE_CODE = YES;
				CLANG_WARN__DUPLICATE_METHOD_MATCH = YES;
				COPY_PHASE_STRIP = NO;
				DEBUG_INFORMATION_FORMAT = dwarf;
				ENABLE_STRICT_OBJC_MSGSEND = YES;
				ENABLE_TESTABILITY = YES;
				GCC_C_LANGUAGE_STANDARD = gnu11;
				GCC_DYNAMIC_NO_PIC = NO;
				GCC_NO_COMMON_BLOCKS = YES;
				GCC_OPTIMIZATION_LEVEL = 0;
				GCC_PREPROCESSOR_DEFINITIONS = (
					"DEBUG=1",
					"$(inherited)",
				);
				GCC_WARN_64_TO_32_BIT_CONVERSION = YES;
				GCC_WARN_ABOUT_RETURN_TYPE = YES_ERROR;
				GCC_WARN_UNDECLARED_SELECTOR = YES;
				GCC_WARN_UNINITIALIZED_AUTOS = YES_AGGRESSIVE;
				GCC_WARN_UNUSED_FUNCTION = YES;
				GCC_WARN_UNUSED_VARIABLE = YES;
				IPHONEOS_DEPLOYMENT_TARGET = 14.4;
				MTL_ENABLE_DEBUG_INFO = INCLUDE_SOURCE;
				MTL_FAST_MATH = YES;
				ONLY_ACTIVE_ARCH = YES;
				SDKROOT = iphoneos;
				SWIFT_ACTIVE_COMPILATION_CONDITIONS = DEBUG;
				SWIFT_OPTIMIZATION_LEVEL = "-Onone";
			};
			name = Debug;
		};
		8B8CEA3125E1E51300C64421 /* Release */ = {
			isa = XCBuildConfiguration;
			buildSettings = {
				ALWAYS_SEARCH_USER_PATHS = NO;
				CLANG_ANALYZER_NONNULL = YES;
				CLANG_ANALYZER_NUMBER_OBJECT_CONVERSION = YES_AGGRESSIVE;
				CLANG_CXX_LANGUAGE_STANDARD = "gnu++14";
				CLANG_CXX_LIBRARY = "libc++";
				CLANG_ENABLE_MODULES = YES;
				CLANG_ENABLE_OBJC_ARC = YES;
				CLANG_ENABLE_OBJC_WEAK = YES;
				CLANG_WARN_BLOCK_CAPTURE_AUTORELEASING = YES;
				CLANG_WARN_BOOL_CONVERSION = YES;
				CLANG_WARN_COMMA = YES;
				CLANG_WARN_CONSTANT_CONVERSION = YES;
				CLANG_WARN_DEPRECATED_OBJC_IMPLEMENTATIONS = YES;
				CLANG_WARN_DIRECT_OBJC_ISA_USAGE = YES_ERROR;
				CLANG_WARN_DOCUMENTATION_COMMENTS = YES;
				CLANG_WARN_EMPTY_BODY = YES;
				CLANG_WARN_ENUM_CONVERSION = YES;
				CLANG_WARN_INFINITE_RECURSION = YES;
				CLANG_WARN_INT_CONVERSION = YES;
				CLANG_WARN_NON_LITERAL_NULL_CONVERSION = YES;
				CLANG_WARN_OBJC_IMPLICIT_RETAIN_SELF = YES;
				CLANG_WARN_OBJC_LITERAL_CONVERSION = YES;
				CLANG_WARN_OBJC_ROOT_CLASS = YES_ERROR;
				CLANG_WARN_QUOTED_INCLUDE_IN_FRAMEWORK_HEADER = YES;
				CLANG_WARN_RANGE_LOOP_ANALYSIS = YES;
				CLANG_WARN_STRICT_PROTOTYPES = YES;
				CLANG_WARN_SUSPICIOUS_MOVE = YES;
				CLANG_WARN_UNGUARDED_AVAILABILITY = YES_AGGRESSIVE;
				CLANG_WARN_UNREACHABLE_CODE = YES;
				CLANG_WARN__DUPLICATE_METHOD_MATCH = YES;
				COPY_PHASE_STRIP = NO;
				DEBUG_INFORMATION_FORMAT = "dwarf-with-dsym";
				ENABLE_NS_ASSERTIONS = NO;
				ENABLE_STRICT_OBJC_MSGSEND = YES;
				GCC_C_LANGUAGE_STANDARD = gnu11;
				GCC_NO_COMMON_BLOCKS = YES;
				GCC_WARN_64_TO_32_BIT_CONVERSION = YES;
				GCC_WARN_ABOUT_RETURN_TYPE = YES_ERROR;
				GCC_WARN_UNDECLARED_SELECTOR = YES;
				GCC_WARN_UNINITIALIZED_AUTOS = YES_AGGRESSIVE;
				GCC_WARN_UNUSED_FUNCTION = YES;
				GCC_WARN_UNUSED_VARIABLE = YES;
				IPHONEOS_DEPLOYMENT_TARGET = 14.4;
				MTL_ENABLE_DEBUG_INFO = NO;
				MTL_FAST_MATH = YES;
				SDKROOT = iphoneos;
				SWIFT_COMPILATION_MODE = wholemodule;
				SWIFT_OPTIMIZATION_LEVEL = "-O";
				VALIDATE_PRODUCT = YES;
			};
			name = Release;
		};
		8B8CEA3325E1E51300C64421 /* Debug */ = {
			isa = XCBuildConfiguration;
			buildSettings = {
				ASSETCATALOG_COMPILER_APPICON_NAME = AppIcon;
				ASSETCATALOG_COMPILER_GLOBAL_ACCENT_COLOR_NAME = AccentColor;
				CODE_SIGN_STYLE = Automatic;
				DEVELOPMENT_TEAM = 7344G4M3BL;
				INFOPLIST_FILE = Notes/Info.plist;
				IPHONEOS_DEPLOYMENT_TARGET = 13.0;
				LD_RUNPATH_SEARCH_PATHS = (
					"$(inherited)",
					"@executable_path/Frameworks",
				);
				PRODUCT_BUNDLE_IDENTIFIER = com.trotos.Notes;
				PRODUCT_NAME = "$(TARGET_NAME)";
				SWIFT_VERSION = 5.0;
				TARGETED_DEVICE_FAMILY = "1,2";
			};
			name = Debug;
		};
		8B8CEA3425E1E51300C64421 /* Release */ = {
			isa = XCBuildConfiguration;
			buildSettings = {
				ASSETCATALOG_COMPILER_APPICON_NAME = AppIcon;
				ASSETCATALOG_COMPILER_GLOBAL_ACCENT_COLOR_NAME = AccentColor;
				CODE_SIGN_STYLE = Automatic;
				DEVELOPMENT_TEAM = 7344G4M3BL;
				INFOPLIST_FILE = Notes/Info.plist;
				IPHONEOS_DEPLOYMENT_TARGET = 13.0;
				LD_RUNPATH_SEARCH_PATHS = (
					"$(inherited)",
					"@executable_path/Frameworks",
				);
				PRODUCT_BUNDLE_IDENTIFIER = com.trotos.Notes;
				PRODUCT_NAME = "$(TARGET_NAME)";
				SWIFT_VERSION = 5.0;
				TARGETED_DEVICE_FAMILY = "1,2";
			};
			name = Release;
		};
/* End XCBuildConfiguration section */

/* Begin XCConfigurationList section */
		8B8CEA1925E1E50F00C64421 /* Build configuration list for PBXProject "Notes" */ = {
			isa = XCConfigurationList;
			buildConfigurations = (
				8B8CEA3025E1E51300C64421 /* Debug */,
				8B8CEA3125E1E51300C64421 /* Release */,
			);
			defaultConfigurationIsVisible = 0;
			defaultConfigurationName = Release;
		};
		8B8CEA3225E1E51300C64421 /* Build configuration list for PBXNativeTarget "Notes" */ = {
			isa = XCConfigurationList;
			buildConfigurations = (
				8B8CEA3325E1E51300C64421 /* Debug */,
				8B8CEA3425E1E51300C64421 /* Release */,
			);
			defaultConfigurationIsVisible = 0;
			defaultConfigurationName = Release;
		};
/* End XCConfigurationList section */
	};
	rootObject = 8B8CEA1625E1E50F00C64421 /* Project object */;
}
